
Microsoft Visual Studio Solution File, Format Version 12.00
# Visual Studio Version 17
VisualStudioVersion = 17.5.002.0
MinimumVisualStudioVersion = 10.0.40219.1
Project("{9A19103F-16F7-4668-BE54-9A1E7A4F7556}") = "DrawTriangle", "DrawTriangle.csproj", "{797D4A09-3472-49CF-9438-F27B5D0F1FF0}"
EndProject
Global
	GlobalSection(SolutionConfigurationPlatforms) = preSolution
		Debug|Any CPU = Debug|Any CPU
		Release|Any CPU = Release|Any CPU
	EndGlobalSection
	GlobalSection(ProjectConfigurationPlatforms) = postSolution
		{797D4A09-3472-49CF-9438-F27B5D0F1FF0}.Debug|Any CPU.ActiveCfg = Debug|Any CPU
		{797D4A09-3472-49CF-9438-F27B5D0F1FF0}.Debug|Any CPU.Build.0 = Debug|Any CPU
		{797D4A09-3472-49CF-9438-F27B5D0F1FF0}.Release|Any CPU.ActiveCfg = Release|Any CPU
		{797D4A09-3472-49CF-9438-F27B5D0F1FF0}.Release|Any CPU.Build.0 = Release|Any CPU
	EndGlobalSection
	GlobalSection(SolutionProperties) = preSolution
		HideSolutionNode = FALSE
	EndGlobalSection
	GlobalSection(ExtensibilityGlobals) = postSolution
		SolutionGuid = {47180A45-9B46-406A-8C72-DDA627138F4D}
	EndGlobalSection
EndGlobal
